
Microsoft Visual Studio Solution File, Format Version 12.00
# Visual Studio Version 16
VisualStudioVersion = 16.0.28729.10
MinimumVisualStudioVersion = 10.0.40219.1
Project("{2150E333-8FDC-42A3-9474-1A3956D46DE8}") = "Solution Items", "Solution Items", "{0DEC6A31-20B5-46C7-A1FD-D4193755119E}"
	ProjectSection(SolutionItems) = preProject
		build.ps1 = build.ps1
		Directory.Build.props = Directory.Build.props
		Directory.Build.targets = Directory.Build.targets
		README.md = README.md
	EndProjectSection
EndProject
Project("{2150E333-8FDC-42A3-9474-1A3956D46DE8}") = "src", "src", "{004EC5B0-7D4E-4382-A139-A9BD049D99C4}"
EndProject
Project("{2150E333-8FDC-42A3-9474-1A3956D46DE8}") = "examples", "examples", "{92FD0A48-0AE7-44A6-86BC-C4E47E014C17}"
EndProject
Project("{9A19103F-16F7-4668-BE54-9A1E7A4F7556}") = "DataCore.Adapter.Abstractions", "src\DataCore.Adapter.Abstractions\DataCore.Adapter.Abstractions.csproj", "{CE3C7621-5106-465A-864C-B0312BFC76B3}"
EndProject
Project("{9A19103F-16F7-4668-BE54-9A1E7A4F7556}") = "DataCore.Adapter.AspNetCore.Mvc", "src\DataCore.Adapter.AspNetCore.Mvc\DataCore.Adapter.AspNetCore.Mvc.csproj", "{A6F99E04-31F9-4304-A829-C283352F4AB4}"
EndProject
Project("{9A19103F-16F7-4668-BE54-9A1E7A4F7556}") = "DataCore.Adapter.Core", "src\DataCore.Adapter.Core\DataCore.Adapter.Core.csproj", "{2D8FB46F-A5EB-43CE-A510-D15072A0D500}"
EndProject
Project("{9A19103F-16F7-4668-BE54-9A1E7A4F7556}") = "DataCore.Adapter", "src\DataCore.Adapter\DataCore.Adapter.csproj", "{665BC314-6CFF-4792-A07A-7351587A3E74}"
EndProject
Project("{9A19103F-16F7-4668-BE54-9A1E7A4F7556}") = "DataCore.Adapter.AspNetCoreExample", "examples\DataCore.Adapter.AspNetCoreExample\DataCore.Adapter.AspNetCoreExample.csproj", "{6D90AFB1-8C96-4F2E-B5B4-D60CD51FF73A}"
EndProject
Project("{9A19103F-16F7-4668-BE54-9A1E7A4F7556}") = "DataCore.Adapter.Tests", "test\DataCore.Adapter.Tests\DataCore.Adapter.Tests.csproj", "{67504392-4D6A-4BA3-B59F-3D8D72D93EAC}"
EndProject
Project("{2150E333-8FDC-42A3-9474-1A3956D46DE8}") = "test", "test", "{1BF8C809-6F14-4C52-B172-D43A96295884}"
EndProject
Project("{9A19103F-16F7-4668-BE54-9A1E7A4F7556}") = "DataCore.Adapter.Grpc.Server", "src\DataCore.Adapter.Grpc\DataCore.Adapter.Grpc.Server\DataCore.Adapter.Grpc.Server.csproj", "{FF24D9EB-8283-4278-9171-6E6AB99EF322}"
EndProject
Project("{9A19103F-16F7-4668-BE54-9A1E7A4F7556}") = "DataCore.Adapter.Grpc.Client", "src\DataCore.Adapter.Grpc\DataCore.Adapter.Grpc.Client\DataCore.Adapter.Grpc.Client.csproj", "{F971C9D2-5948-4680-BA30-C5E31B1FF8D4}"
EndProject
Project("{9A19103F-16F7-4668-BE54-9A1E7A4F7556}") = "DataCore.Adapter.GrpcExampleServer", "examples\DataCore.Adapter.GrpcExampleServer\DataCore.Adapter.GrpcExampleServer.csproj", "{186474A6-F93B-4544-AFFA-84B8FD8FCF91}"
EndProject
Project("{9A19103F-16F7-4668-BE54-9A1E7A4F7556}") = "DataCore.Adapter.ExampleAdapter", "examples\DataCore.Adapter.ExampleAdapter\DataCore.Adapter.ExampleAdapter.csproj", "{A74F8D3F-191C-4EB4-ACAD-D72017AE32BB}"
EndProject
Project("{9A19103F-16F7-4668-BE54-9A1E7A4F7556}") = "DataCore.Adapter.GrpcExampleClient", "examples\DataCore.Adapter.GrpcExampleClient\DataCore.Adapter.GrpcExampleClient.csproj", "{F8F84631-2D62-4104-BDFD-F43C6A76C068}"
EndProject
Project("{9A19103F-16F7-4668-BE54-9A1E7A4F7556}") = "DataCore.Adapter.Csv", "src\DataCore.Adapter.Csv\DataCore.Adapter.Csv.csproj", "{A00430B8-EF92-4C82-97C1-48B8977B88A4}"
EndProject
Project("{9A19103F-16F7-4668-BE54-9A1E7A4F7556}") = "DataCore.Adapter.AspNetCore.Common", "src\DataCore.Adapter.AspNetCore.Common\DataCore.Adapter.AspNetCore.Common.csproj", "{1EEB0C0A-6790-401A-A501-411FF8235861}"
EndProject
Project("{9A19103F-16F7-4668-BE54-9A1E7A4F7556}") = "DataCore.Adapter.AspNetCore.Grpc", "src\DataCore.Adapter.AspNetCore.Grpc\DataCore.Adapter.AspNetCore.Grpc.csproj", "{0895A919-F5F8-4358-98B0-1BC7087D1906}"
EndProject
Project("{9A19103F-16F7-4668-BE54-9A1E7A4F7556}") = "DataCore.Adapter.AspNetCore.SignalR", "src\DataCore.Adapter.AspNetCore.SignalR\DataCore.Adapter.AspNetCore.SignalR.csproj", "{72E6C560-2248-4209-9F10-315B93C4FDEA}"
EndProject
Project("{9A19103F-16F7-4668-BE54-9A1E7A4F7556}") = "DataCore.Adapter.NetFxExample", "examples\DataCore.Adapter.NetFxExample\DataCore.Adapter.NetFxExample.csproj", "{D13E7FB7-2E71-4725-8B38-D0CA201A16AC}"
EndProject
Project("{9A19103F-16F7-4668-BE54-9A1E7A4F7556}") = "DataCore.Adapter.AspNetCore.SignalR.Proxy", "src\DataCore.Adapter.AspNetCore.SignalR.Proxy\DataCore.Adapter.AspNetCore.SignalR.Proxy.csproj", "{00DB3574-0618-4137-AAA1-815248A1E837}"
EndProject
Project("{9A19103F-16F7-4668-BE54-9A1E7A4F7556}") = "DataCore.Adapter.Grpc.Proxy", "src\DataCore.Adapter.Grpc\DataCore.Adapter.Grpc.Proxy\DataCore.Adapter.Grpc.Proxy.csproj", "{083650D1-693D-4F4C-A699-9D8127D34D00}"
EndProject
Project("{2150E333-8FDC-42A3-9474-1A3956D46DE8}") = "Core", "Core", "{B158078F-D217-46FE-A9B8-7BD1B99922BA}"
EndProject
Project("{2150E333-8FDC-42A3-9474-1A3956D46DE8}") = "Hosting", "Hosting", "{68BD9B3D-78AB-4399-ACC9-CBD11CAB523F}"
EndProject
Project("{2150E333-8FDC-42A3-9474-1A3956D46DE8}") = "Clients", "Clients", "{041CEC9C-1271-4A4E-BEF6-6279A8B0FC97}"
EndProject
Project("{2150E333-8FDC-42A3-9474-1A3956D46DE8}") = "Adapters", "Adapters", "{4FA056CC-58A0-4CFE-9134-F645B6B7E0D7}"
EndProject
Project("{9A19103F-16F7-4668-BE54-9A1E7A4F7556}") = "DataCore.Adapter.Http.Client", "src\DataCore.Adapter.Http.Client\DataCore.Adapter.Http.Client.csproj", "{EA46F702-8AEA-4EAC-A81C-B924D877DE26}"
EndProject
Project("{9A19103F-16F7-4668-BE54-9A1E7A4F7556}") = "DataCore.Adapter.AspNetCore.SignalR.Client", "src\DataCore.Adapter.AspNetCore.SignalR.Client\DataCore.Adapter.AspNetCore.SignalR.Client.csproj", "{75A1E0D5-E3DB-4C05-B656-6DC5C6A5B94A}"
EndProject
Global
	GlobalSection(SolutionConfigurationPlatforms) = preSolution
		Debug|Any CPU = Debug|Any CPU
		Release|Any CPU = Release|Any CPU
	EndGlobalSection
	GlobalSection(ProjectConfigurationPlatforms) = postSolution
		{CE3C7621-5106-465A-864C-B0312BFC76B3}.Debug|Any CPU.ActiveCfg = Debug|Any CPU
		{CE3C7621-5106-465A-864C-B0312BFC76B3}.Debug|Any CPU.Build.0 = Debug|Any CPU
		{CE3C7621-5106-465A-864C-B0312BFC76B3}.Release|Any CPU.ActiveCfg = Release|Any CPU
		{CE3C7621-5106-465A-864C-B0312BFC76B3}.Release|Any CPU.Build.0 = Release|Any CPU
		{A6F99E04-31F9-4304-A829-C283352F4AB4}.Debug|Any CPU.ActiveCfg = Debug|Any CPU
		{A6F99E04-31F9-4304-A829-C283352F4AB4}.Debug|Any CPU.Build.0 = Debug|Any CPU
		{A6F99E04-31F9-4304-A829-C283352F4AB4}.Release|Any CPU.ActiveCfg = Release|Any CPU
		{A6F99E04-31F9-4304-A829-C283352F4AB4}.Release|Any CPU.Build.0 = Release|Any CPU
		{2D8FB46F-A5EB-43CE-A510-D15072A0D500}.Debug|Any CPU.ActiveCfg = Debug|Any CPU
		{2D8FB46F-A5EB-43CE-A510-D15072A0D500}.Debug|Any CPU.Build.0 = Debug|Any CPU
		{2D8FB46F-A5EB-43CE-A510-D15072A0D500}.Release|Any CPU.ActiveCfg = Release|Any CPU
		{2D8FB46F-A5EB-43CE-A510-D15072A0D500}.Release|Any CPU.Build.0 = Release|Any CPU
		{665BC314-6CFF-4792-A07A-7351587A3E74}.Debug|Any CPU.ActiveCfg = Debug|Any CPU
		{665BC314-6CFF-4792-A07A-7351587A3E74}.Debug|Any CPU.Build.0 = Debug|Any CPU
		{665BC314-6CFF-4792-A07A-7351587A3E74}.Release|Any CPU.ActiveCfg = Release|Any CPU
		{665BC314-6CFF-4792-A07A-7351587A3E74}.Release|Any CPU.Build.0 = Release|Any CPU
		{6D90AFB1-8C96-4F2E-B5B4-D60CD51FF73A}.Debug|Any CPU.ActiveCfg = Debug|Any CPU
		{6D90AFB1-8C96-4F2E-B5B4-D60CD51FF73A}.Debug|Any CPU.Build.0 = Debug|Any CPU
		{6D90AFB1-8C96-4F2E-B5B4-D60CD51FF73A}.Release|Any CPU.ActiveCfg = Release|Any CPU
		{6D90AFB1-8C96-4F2E-B5B4-D60CD51FF73A}.Release|Any CPU.Build.0 = Release|Any CPU
		{67504392-4D6A-4BA3-B59F-3D8D72D93EAC}.Debug|Any CPU.ActiveCfg = Debug|Any CPU
		{67504392-4D6A-4BA3-B59F-3D8D72D93EAC}.Debug|Any CPU.Build.0 = Debug|Any CPU
		{67504392-4D6A-4BA3-B59F-3D8D72D93EAC}.Release|Any CPU.ActiveCfg = Release|Any CPU
		{67504392-4D6A-4BA3-B59F-3D8D72D93EAC}.Release|Any CPU.Build.0 = Release|Any CPU
		{FF24D9EB-8283-4278-9171-6E6AB99EF322}.Debug|Any CPU.ActiveCfg = Debug|Any CPU
		{FF24D9EB-8283-4278-9171-6E6AB99EF322}.Debug|Any CPU.Build.0 = Debug|Any CPU
		{FF24D9EB-8283-4278-9171-6E6AB99EF322}.Release|Any CPU.ActiveCfg = Release|Any CPU
		{FF24D9EB-8283-4278-9171-6E6AB99EF322}.Release|Any CPU.Build.0 = Release|Any CPU
		{F971C9D2-5948-4680-BA30-C5E31B1FF8D4}.Debug|Any CPU.ActiveCfg = Debug|Any CPU
		{F971C9D2-5948-4680-BA30-C5E31B1FF8D4}.Debug|Any CPU.Build.0 = Debug|Any CPU
		{F971C9D2-5948-4680-BA30-C5E31B1FF8D4}.Release|Any CPU.ActiveCfg = Release|Any CPU
		{F971C9D2-5948-4680-BA30-C5E31B1FF8D4}.Release|Any CPU.Build.0 = Release|Any CPU
		{186474A6-F93B-4544-AFFA-84B8FD8FCF91}.Debug|Any CPU.ActiveCfg = Debug|Any CPU
		{186474A6-F93B-4544-AFFA-84B8FD8FCF91}.Debug|Any CPU.Build.0 = Debug|Any CPU
		{186474A6-F93B-4544-AFFA-84B8FD8FCF91}.Release|Any CPU.ActiveCfg = Release|Any CPU
		{186474A6-F93B-4544-AFFA-84B8FD8FCF91}.Release|Any CPU.Build.0 = Release|Any CPU
		{A74F8D3F-191C-4EB4-ACAD-D72017AE32BB}.Debug|Any CPU.ActiveCfg = Debug|Any CPU
		{A74F8D3F-191C-4EB4-ACAD-D72017AE32BB}.Debug|Any CPU.Build.0 = Debug|Any CPU
		{A74F8D3F-191C-4EB4-ACAD-D72017AE32BB}.Release|Any CPU.ActiveCfg = Release|Any CPU
		{A74F8D3F-191C-4EB4-ACAD-D72017AE32BB}.Release|Any CPU.Build.0 = Release|Any CPU
		{F8F84631-2D62-4104-BDFD-F43C6A76C068}.Debug|Any CPU.ActiveCfg = Debug|Any CPU
		{F8F84631-2D62-4104-BDFD-F43C6A76C068}.Debug|Any CPU.Build.0 = Debug|Any CPU
		{F8F84631-2D62-4104-BDFD-F43C6A76C068}.Release|Any CPU.ActiveCfg = Release|Any CPU
		{F8F84631-2D62-4104-BDFD-F43C6A76C068}.Release|Any CPU.Build.0 = Release|Any CPU
		{A00430B8-EF92-4C82-97C1-48B8977B88A4}.Debug|Any CPU.ActiveCfg = Debug|Any CPU
		{A00430B8-EF92-4C82-97C1-48B8977B88A4}.Debug|Any CPU.Build.0 = Debug|Any CPU
		{A00430B8-EF92-4C82-97C1-48B8977B88A4}.Release|Any CPU.ActiveCfg = Release|Any CPU
		{A00430B8-EF92-4C82-97C1-48B8977B88A4}.Release|Any CPU.Build.0 = Release|Any CPU
		{1EEB0C0A-6790-401A-A501-411FF8235861}.Debug|Any CPU.ActiveCfg = Debug|Any CPU
		{1EEB0C0A-6790-401A-A501-411FF8235861}.Debug|Any CPU.Build.0 = Debug|Any CPU
		{1EEB0C0A-6790-401A-A501-411FF8235861}.Release|Any CPU.ActiveCfg = Release|Any CPU
		{1EEB0C0A-6790-401A-A501-411FF8235861}.Release|Any CPU.Build.0 = Release|Any CPU
		{0895A919-F5F8-4358-98B0-1BC7087D1906}.Debug|Any CPU.ActiveCfg = Debug|Any CPU
		{0895A919-F5F8-4358-98B0-1BC7087D1906}.Debug|Any CPU.Build.0 = Debug|Any CPU
		{0895A919-F5F8-4358-98B0-1BC7087D1906}.Release|Any CPU.ActiveCfg = Release|Any CPU
		{0895A919-F5F8-4358-98B0-1BC7087D1906}.Release|Any CPU.Build.0 = Release|Any CPU
		{72E6C560-2248-4209-9F10-315B93C4FDEA}.Debug|Any CPU.ActiveCfg = Debug|Any CPU
		{72E6C560-2248-4209-9F10-315B93C4FDEA}.Debug|Any CPU.Build.0 = Debug|Any CPU
		{72E6C560-2248-4209-9F10-315B93C4FDEA}.Release|Any CPU.ActiveCfg = Release|Any CPU
		{72E6C560-2248-4209-9F10-315B93C4FDEA}.Release|Any CPU.Build.0 = Release|Any CPU
		{D13E7FB7-2E71-4725-8B38-D0CA201A16AC}.Debug|Any CPU.ActiveCfg = Debug|Any CPU
		{D13E7FB7-2E71-4725-8B38-D0CA201A16AC}.Debug|Any CPU.Build.0 = Debug|Any CPU
		{D13E7FB7-2E71-4725-8B38-D0CA201A16AC}.Release|Any CPU.ActiveCfg = Release|Any CPU
		{D13E7FB7-2E71-4725-8B38-D0CA201A16AC}.Release|Any CPU.Build.0 = Release|Any CPU
		{00DB3574-0618-4137-AAA1-815248A1E837}.Debug|Any CPU.ActiveCfg = Debug|Any CPU
		{00DB3574-0618-4137-AAA1-815248A1E837}.Debug|Any CPU.Build.0 = Debug|Any CPU
		{00DB3574-0618-4137-AAA1-815248A1E837}.Release|Any CPU.ActiveCfg = Release|Any CPU
		{00DB3574-0618-4137-AAA1-815248A1E837}.Release|Any CPU.Build.0 = Release|Any CPU
		{083650D1-693D-4F4C-A699-9D8127D34D00}.Debug|Any CPU.ActiveCfg = Debug|Any CPU
		{083650D1-693D-4F4C-A699-9D8127D34D00}.Debug|Any CPU.Build.0 = Debug|Any CPU
		{083650D1-693D-4F4C-A699-9D8127D34D00}.Release|Any CPU.ActiveCfg = Release|Any CPU
		{083650D1-693D-4F4C-A699-9D8127D34D00}.Release|Any CPU.Build.0 = Release|Any CPU
		{EA46F702-8AEA-4EAC-A81C-B924D877DE26}.Debug|Any CPU.ActiveCfg = Debug|Any CPU
		{EA46F702-8AEA-4EAC-A81C-B924D877DE26}.Debug|Any CPU.Build.0 = Debug|Any CPU
		{EA46F702-8AEA-4EAC-A81C-B924D877DE26}.Release|Any CPU.ActiveCfg = Release|Any CPU
		{EA46F702-8AEA-4EAC-A81C-B924D877DE26}.Release|Any CPU.Build.0 = Release|Any CPU
		{75A1E0D5-E3DB-4C05-B656-6DC5C6A5B94A}.Debug|Any CPU.ActiveCfg = Debug|Any CPU
		{75A1E0D5-E3DB-4C05-B656-6DC5C6A5B94A}.Debug|Any CPU.Build.0 = Debug|Any CPU
		{75A1E0D5-E3DB-4C05-B656-6DC5C6A5B94A}.Release|Any CPU.ActiveCfg = Release|Any CPU
		{75A1E0D5-E3DB-4C05-B656-6DC5C6A5B94A}.Release|Any CPU.Build.0 = Release|Any CPU
	EndGlobalSection
	GlobalSection(SolutionProperties) = preSolution
		HideSolutionNode = FALSE
	EndGlobalSection
	GlobalSection(NestedProjects) = preSolution
		{CE3C7621-5106-465A-864C-B0312BFC76B3} = {B158078F-D217-46FE-A9B8-7BD1B99922BA}
		{A6F99E04-31F9-4304-A829-C283352F4AB4} = {68BD9B3D-78AB-4399-ACC9-CBD11CAB523F}
		{2D8FB46F-A5EB-43CE-A510-D15072A0D500} = {B158078F-D217-46FE-A9B8-7BD1B99922BA}
		{665BC314-6CFF-4792-A07A-7351587A3E74} = {B158078F-D217-46FE-A9B8-7BD1B99922BA}
		{6D90AFB1-8C96-4F2E-B5B4-D60CD51FF73A} = {92FD0A48-0AE7-44A6-86BC-C4E47E014C17}
		{67504392-4D6A-4BA3-B59F-3D8D72D93EAC} = {1BF8C809-6F14-4C52-B172-D43A96295884}
		{FF24D9EB-8283-4278-9171-6E6AB99EF322} = {68BD9B3D-78AB-4399-ACC9-CBD11CAB523F}
		{F971C9D2-5948-4680-BA30-C5E31B1FF8D4} = {041CEC9C-1271-4A4E-BEF6-6279A8B0FC97}
		{186474A6-F93B-4544-AFFA-84B8FD8FCF91} = {92FD0A48-0AE7-44A6-86BC-C4E47E014C17}
		{A74F8D3F-191C-4EB4-ACAD-D72017AE32BB} = {92FD0A48-0AE7-44A6-86BC-C4E47E014C17}
		{F8F84631-2D62-4104-BDFD-F43C6A76C068} = {92FD0A48-0AE7-44A6-86BC-C4E47E014C17}
		{A00430B8-EF92-4C82-97C1-48B8977B88A4} = {4FA056CC-58A0-4CFE-9134-F645B6B7E0D7}
		{1EEB0C0A-6790-401A-A501-411FF8235861} = {68BD9B3D-78AB-4399-ACC9-CBD11CAB523F}
		{0895A919-F5F8-4358-98B0-1BC7087D1906} = {68BD9B3D-78AB-4399-ACC9-CBD11CAB523F}
		{72E6C560-2248-4209-9F10-315B93C4FDEA} = {68BD9B3D-78AB-4399-ACC9-CBD11CAB523F}
		{D13E7FB7-2E71-4725-8B38-D0CA201A16AC} = {92FD0A48-0AE7-44A6-86BC-C4E47E014C17}
		{00DB3574-0618-4137-AAA1-815248A1E837} = {041CEC9C-1271-4A4E-BEF6-6279A8B0FC97}
		{083650D1-693D-4F4C-A699-9D8127D34D00} = {041CEC9C-1271-4A4E-BEF6-6279A8B0FC97}
		{B158078F-D217-46FE-A9B8-7BD1B99922BA} = {004EC5B0-7D4E-4382-A139-A9BD049D99C4}
		{68BD9B3D-78AB-4399-ACC9-CBD11CAB523F} = {004EC5B0-7D4E-4382-A139-A9BD049D99C4}
		{041CEC9C-1271-4A4E-BEF6-6279A8B0FC97} = {004EC5B0-7D4E-4382-A139-A9BD049D99C4}
		{4FA056CC-58A0-4CFE-9134-F645B6B7E0D7} = {004EC5B0-7D4E-4382-A139-A9BD049D99C4}
		{EA46F702-8AEA-4EAC-A81C-B924D877DE26} = {041CEC9C-1271-4A4E-BEF6-6279A8B0FC97}
		{75A1E0D5-E3DB-4C05-B656-6DC5C6A5B94A} = {041CEC9C-1271-4A4E-BEF6-6279A8B0FC97}
	EndGlobalSection
	GlobalSection(ExtensibilityGlobals) = postSolution
		SolutionGuid = {323415F4-D394-4EAA-B259-7C6834BFD819}
	EndGlobalSection
EndGlobal
