
Microsoft Visual Studio Solution File, Format Version 12.00
# Visual Studio Version 17
VisualStudioVersion = 17.0.31919.166
MinimumVisualStudioVersion = 10.0.40219.1
Project("{2150E333-8FDC-42A3-9474-1A3956D46DE8}") = "common", "common", "{0DEC6A31-20B5-46C7-A1FD-D4193755119E}"
	ProjectSection(SolutionItems) = preProject
		.editorconfig = .editorconfig
		.gitignore = .gitignore
		build.cake = build.cake
		build.ps1 = build.ps1
		build.sh = build.sh
		Directory.Build.props = Directory.Build.props
		Directory.Build.targets = Directory.Build.targets
		Directory.Packages.props = Directory.Packages.props
		LICENSE = LICENSE
		README.md = README.md
		swagger.json = swagger.json
		THIRD_PARTY_LICENSES.md = THIRD_PARTY_LICENSES.md
	EndProjectSection
EndProject
Project("{2150E333-8FDC-42A3-9474-1A3956D46DE8}") = "src", "src", "{004EC5B0-7D4E-4382-A139-A9BD049D99C4}"
EndProject
Project("{2150E333-8FDC-42A3-9474-1A3956D46DE8}") = "examples", "examples", "{92FD0A48-0AE7-44A6-86BC-C4E47E014C17}"
	ProjectSection(SolutionItems) = preProject
		examples\Directory.Build.props = examples\Directory.Build.props
	EndProjectSection
EndProject
Project("{9A19103F-16F7-4668-BE54-9A1E7A4F7556}") = "DataCore.Adapter.Abstractions", "src\DataCore.Adapter.Abstractions\DataCore.Adapter.Abstractions.csproj", "{CE3C7621-5106-465A-864C-B0312BFC76B3}"
EndProject
Project("{9A19103F-16F7-4668-BE54-9A1E7A4F7556}") = "DataCore.Adapter.AspNetCore.Mvc", "src\DataCore.Adapter.AspNetCore.Mvc\DataCore.Adapter.AspNetCore.Mvc.csproj", "{A6F99E04-31F9-4304-A829-C283352F4AB4}"
EndProject
Project("{9A19103F-16F7-4668-BE54-9A1E7A4F7556}") = "DataCore.Adapter.Core", "src\DataCore.Adapter.Core\DataCore.Adapter.Core.csproj", "{2D8FB46F-A5EB-43CE-A510-D15072A0D500}"
EndProject
Project("{9A19103F-16F7-4668-BE54-9A1E7A4F7556}") = "DataCore.Adapter", "src\DataCore.Adapter\DataCore.Adapter.csproj", "{665BC314-6CFF-4792-A07A-7351587A3E74}"
EndProject
Project("{9A19103F-16F7-4668-BE54-9A1E7A4F7556}") = "DataCore.Adapter.AspNetCoreExample", "examples\DataCore.Adapter.AspNetCoreExample\DataCore.Adapter.AspNetCoreExample.csproj", "{6D90AFB1-8C96-4F2E-B5B4-D60CD51FF73A}"
EndProject
Project("{9A19103F-16F7-4668-BE54-9A1E7A4F7556}") = "DataCore.Adapter.Tests", "test\DataCore.Adapter.Tests\DataCore.Adapter.Tests.csproj", "{67504392-4D6A-4BA3-B59F-3D8D72D93EAC}"
EndProject
Project("{2150E333-8FDC-42A3-9474-1A3956D46DE8}") = "test", "test", "{1BF8C809-6F14-4C52-B172-D43A96295884}"
	ProjectSection(SolutionItems) = preProject
		test\Directory.Build.props = test\Directory.Build.props
	EndProjectSection
EndProject
Project("{9A19103F-16F7-4668-BE54-9A1E7A4F7556}") = "DataCore.Adapter.Grpc.Client", "src\DataCore.Adapter.Grpc.Client\DataCore.Adapter.Grpc.Client.csproj", "{F971C9D2-5948-4680-BA30-C5E31B1FF8D4}"
EndProject
Project("{9A19103F-16F7-4668-BE54-9A1E7A4F7556}") = "DataCore.Adapter.ExampleAdapter", "examples\DataCore.Adapter.ExampleAdapter\DataCore.Adapter.ExampleAdapter.csproj", "{A74F8D3F-191C-4EB4-ACAD-D72017AE32BB}"
EndProject
Project("{9A19103F-16F7-4668-BE54-9A1E7A4F7556}") = "DataCore.Adapter.GrpcExampleClient", "examples\DataCore.Adapter.GrpcExampleClient\DataCore.Adapter.GrpcExampleClient.csproj", "{F8F84631-2D62-4104-BDFD-F43C6A76C068}"
EndProject
Project("{9A19103F-16F7-4668-BE54-9A1E7A4F7556}") = "DataCore.Adapter.Csv", "src\DataCore.Adapter.Csv\DataCore.Adapter.Csv.csproj", "{A00430B8-EF92-4C82-97C1-48B8977B88A4}"
EndProject
Project("{9A19103F-16F7-4668-BE54-9A1E7A4F7556}") = "DataCore.Adapter.AspNetCore.Common", "src\DataCore.Adapter.AspNetCore.Common\DataCore.Adapter.AspNetCore.Common.csproj", "{1EEB0C0A-6790-401A-A501-411FF8235861}"
EndProject
Project("{9A19103F-16F7-4668-BE54-9A1E7A4F7556}") = "DataCore.Adapter.AspNetCore.Grpc", "src\DataCore.Adapter.AspNetCore.Grpc\DataCore.Adapter.AspNetCore.Grpc.csproj", "{0895A919-F5F8-4358-98B0-1BC7087D1906}"
EndProject
Project("{9A19103F-16F7-4668-BE54-9A1E7A4F7556}") = "DataCore.Adapter.AspNetCore.SignalR", "src\DataCore.Adapter.AspNetCore.SignalR\DataCore.Adapter.AspNetCore.SignalR.csproj", "{72E6C560-2248-4209-9F10-315B93C4FDEA}"
EndProject
Project("{9A19103F-16F7-4668-BE54-9A1E7A4F7556}") = "DataCore.Adapter.NetFxExample", "examples\DataCore.Adapter.NetFxExample\DataCore.Adapter.NetFxExample.csproj", "{D13E7FB7-2E71-4725-8B38-D0CA201A16AC}"
EndProject
Project("{9A19103F-16F7-4668-BE54-9A1E7A4F7556}") = "DataCore.Adapter.AspNetCore.SignalR.Proxy", "src\DataCore.Adapter.AspNetCore.SignalR.Proxy\DataCore.Adapter.AspNetCore.SignalR.Proxy.csproj", "{00DB3574-0618-4137-AAA1-815248A1E837}"
EndProject
Project("{9A19103F-16F7-4668-BE54-9A1E7A4F7556}") = "DataCore.Adapter.Grpc.Proxy", "src\DataCore.Adapter.Grpc.Proxy\DataCore.Adapter.Grpc.Proxy.csproj", "{083650D1-693D-4F4C-A699-9D8127D34D00}"
EndProject
Project("{2150E333-8FDC-42A3-9474-1A3956D46DE8}") = "Core", "Core", "{B158078F-D217-46FE-A9B8-7BD1B99922BA}"
EndProject
Project("{2150E333-8FDC-42A3-9474-1A3956D46DE8}") = "Hosting", "Hosting", "{68BD9B3D-78AB-4399-ACC9-CBD11CAB523F}"
EndProject
Project("{2150E333-8FDC-42A3-9474-1A3956D46DE8}") = "Clients", "Clients", "{041CEC9C-1271-4A4E-BEF6-6279A8B0FC97}"
EndProject
Project("{2150E333-8FDC-42A3-9474-1A3956D46DE8}") = "Adapters", "Adapters", "{4FA056CC-58A0-4CFE-9134-F645B6B7E0D7}"
EndProject
Project("{9A19103F-16F7-4668-BE54-9A1E7A4F7556}") = "DataCore.Adapter.Http.Client", "src\DataCore.Adapter.Http.Client\DataCore.Adapter.Http.Client.csproj", "{EA46F702-8AEA-4EAC-A81C-B924D877DE26}"
EndProject
Project("{9A19103F-16F7-4668-BE54-9A1E7A4F7556}") = "DataCore.Adapter.AspNetCore.SignalR.Client", "src\DataCore.Adapter.AspNetCore.SignalR.Client\DataCore.Adapter.AspNetCore.SignalR.Client.csproj", "{75A1E0D5-E3DB-4C05-B656-6DC5C6A5B94A}"
EndProject
Project("{9A19103F-16F7-4668-BE54-9A1E7A4F7556}") = "DataCore.Adapter.Http.Proxy", "src\DataCore.Adapter.Http.Proxy\DataCore.Adapter.Http.Proxy.csproj", "{D9C535E9-CE37-49CB-A04F-008AA2480DC4}"
EndProject
Project("{9A19103F-16F7-4668-BE54-9A1E7A4F7556}") = "DataCore.Adapter.Json", "src\DataCore.Adapter.Json\DataCore.Adapter.Json.csproj", "{719428F2-A1D5-44F5-A5FE-CED0B885F5DE}"
EndProject
Project("{9A19103F-16F7-4668-BE54-9A1E7A4F7556}") = "DataCore.Adapter.AspNetCore.HealthChecks", "src\DataCore.Adapter.AspNetCore.HealthChecks\DataCore.Adapter.AspNetCore.HealthChecks.csproj", "{B77BC359-4E76-4B87-BA4A-F5A4E3391AE7}"
EndProject
Project("{2150E333-8FDC-42A3-9474-1A3956D46DE8}") = "build", "build", "{D6BE3C37-D187-4541-AD20-65AFBDCFA7A9}"
	ProjectSection(SolutionItems) = preProject
		build\Dependencies.props = build\Dependencies.props
		build\NetFX.targets = build\NetFX.targets
		build\version.json = build\version.json
	EndProjectSection
EndProject
Project("{9A19103F-16F7-4668-BE54-9A1E7A4F7556}") = "DataCore.Adapter.Proxy", "src\DataCore.Adapter.Proxy\DataCore.Adapter.Proxy.csproj", "{3B99AA8E-5B75-4188-BC84-5BFBA5265A00}"
EndProject
Project("{9A19103F-16F7-4668-BE54-9A1E7A4F7556}") = "DataCore.Adapter.DependencyInjection", "src\DataCore.Adapter.DependencyInjection\DataCore.Adapter.DependencyInjection.csproj", "{5CD15B99-02B0-4BBD-9033-5DF46520F77D}"
EndProject
Project("{2150E333-8FDC-42A3-9474-1A3956D46DE8}") = "Testing", "Testing", "{5E4F5BAB-DAA5-47B0-862A-B6E4173F146C}"
EndProject
Project("{9A19103F-16F7-4668-BE54-9A1E7A4F7556}") = "DataCore.Adapter.Tests.Helpers", "src\DataCore.Adapter.Tests.Helpers\DataCore.Adapter.Tests.Helpers.csproj", "{7A247D52-A607-4810-B5DC-ACC3650CE5BF}"
EndProject
Project("{9A19103F-16F7-4668-BE54-9A1E7A4F7556}") = "DataCore.Adapter.WaveGenerator", "src\DataCore.Adapter.WaveGenerator\DataCore.Adapter.WaveGenerator.csproj", "{29A232DC-A233-4C0E-98A5-6C5C0AE0265F}"
EndProject
Project("{9A19103F-16F7-4668-BE54-9A1E7A4F7556}") = "DataCore.Adapter.Json.Newtonsoft", "src\DataCore.Adapter.Json.Newtonsoft\DataCore.Adapter.Json.Newtonsoft.csproj", "{29D5D4BA-6C91-4D84-B567-6E7C49200DD5}"
EndProject
Project("{9A19103F-16F7-4668-BE54-9A1E7A4F7556}") = "DataCore.Adapter.OpenTelemetry", "src\DataCore.Adapter.OpenTelemetry\DataCore.Adapter.OpenTelemetry.csproj", "{A955719A-1C0A-4CE4-80C4-C09CD404380F}"
EndProject
Project("{2150E333-8FDC-42A3-9474-1A3956D46DE8}") = "docs", "docs", "{C48E4C85-6A13-46D5-9DA2-4AAC739D12FF}"
	ProjectSection(SolutionItems) = preProject
		docs\writing-an-adapter.md = docs\writing-an-adapter.md
	EndProjectSection
EndProject
Project("{2150E333-8FDC-42A3-9474-1A3956D46DE8}") = "tutorials", "tutorials", "{8ED7CFDF-3C22-4980-AC18-940049B0ED10}"
EndProject
Project("{2150E333-8FDC-42A3-9474-1A3956D46DE8}") = "creating-an-adapter", "creating-an-adapter", "{876B0BB0-CDD0-420D-87AE-D9390623C467}"
	ProjectSection(SolutionItems) = preProject
		docs\tutorials\creating-an-adapter\00-Introduction.md = docs\tutorials\creating-an-adapter\00-Introduction.md
		docs\tutorials\creating-an-adapter\01-Getting_Started.md = docs\tutorials\creating-an-adapter\01-Getting_Started.md
		docs\tutorials\creating-an-adapter\02-Reading_Current_Values.md = docs\tutorials\creating-an-adapter\02-Reading_Current_Values.md
		docs\tutorials\creating-an-adapter\03-Tag_Searches.md = docs\tutorials\creating-an-adapter\03-Tag_Searches.md
		docs\tutorials\creating-an-adapter\04-Current_Value_Subscriptions.md = docs\tutorials\creating-an-adapter\04-Current_Value_Subscriptions.md
		docs\tutorials\creating-an-adapter\05-Historical_Value_Queries.md = docs\tutorials\creating-an-adapter\05-Historical_Value_Queries.md
		docs\tutorials\creating-an-adapter\06-Adapter_Configuration_Options.md = docs\tutorials\creating-an-adapter\06-Adapter_Configuration_Options.md
	EndProjectSection
EndProject
Project("{2150E333-8FDC-42A3-9474-1A3956D46DE8}") = "writing-an-extension-feature", "writing-an-extension-feature", "{A250C7A8-DD5B-4947-A21C-A73C21424FFF}"
	ProjectSection(SolutionItems) = preProject
		docs\tutorials\writing-an-extension-feature\00-Introduction.md = docs\tutorials\writing-an-extension-feature\00-Introduction.md
		docs\tutorials\writing-an-extension-feature\01-Getting_Started.md = docs\tutorials\writing-an-extension-feature\01-Getting_Started.md
		docs\tutorials\writing-an-extension-feature\02-Extension_Methods.md = docs\tutorials\writing-an-extension-feature\02-Extension_Methods.md
		docs\tutorials\writing-an-extension-feature\03-Streaming_Methods.md = docs\tutorials\writing-an-extension-feature\03-Streaming_Methods.md
		docs\tutorials\writing-an-extension-feature\04-Duplex_Streaming_Methods.md = docs\tutorials\writing-an-extension-feature\04-Duplex_Streaming_Methods.md
		docs\tutorials\writing-an-extension-feature\05-Implementing_Multiple_Extensions.md = docs\tutorials\writing-an-extension-feature\05-Implementing_Multiple_Extensions.md
	EndProjectSection
EndProject
Project("{2150E333-8FDC-42A3-9474-1A3956D46DE8}") = "Templates", "Templates", "{7701E410-A9F0-4F50-80E4-51576DABB306}"
EndProject
Project("{9A19103F-16F7-4668-BE54-9A1E7A4F7556}") = "DataCore.Adapter.Templates", "src\DataCore.Adapter.Templates\DataCore.Adapter.Templates.csproj", "{B5692AC0-AA11-4062-8F65-8A120C8846FA}"
EndProject
Project("{9A19103F-16F7-4668-BE54-9A1E7A4F7556}") = "ExampleHostedAdapter", "examples\ExampleHostedAdapter\ExampleHostedAdapter.csproj", "{CA874402-DD93-40C0-893A-BC8D1D961A43}"
EndProject
Project("{9A19103F-16F7-4668-BE54-9A1E7A4F7556}") = "DataCore.Adapter.KeyValueStore.FASTER", "src\DataCore.Adapter.KeyValueStore.FASTER\DataCore.Adapter.KeyValueStore.FASTER.csproj", "{E2C09B9E-FCE1-4C61-A547-16ADFA76B7F6}"
EndProject
Project("{9A19103F-16F7-4668-BE54-9A1E7A4F7556}") = "DataCore.Adapter.KeyValueStore.Sqlite", "src\DataCore.Adapter.KeyValueStore.Sqlite\DataCore.Adapter.KeyValueStore.Sqlite.csproj", "{22DD3CC9-034B-4C43-A143-6240E8E833CC}"
EndProject
Project("{9A19103F-16F7-4668-BE54-9A1E7A4F7556}") = "DataCore.Adapter.KeyValueStore.FileSystem", "src\DataCore.Adapter.KeyValueStore.FileSystem\DataCore.Adapter.KeyValueStore.FileSystem.csproj", "{8C225A69-794C-4451-B5CE-91EAD5269C87}"
EndProject
Project("{9A19103F-16F7-4668-BE54-9A1E7A4F7556}") = "MinimalApiExample", "examples\MinimalApiExample\MinimalApiExample.csproj", "{144B4A51-9F3E-45BD-B0A3-0732A946D2F4}"
EndProject
Global
	GlobalSection(SolutionConfigurationPlatforms) = preSolution
		Debug|Any CPU = Debug|Any CPU
		Release|Any CPU = Release|Any CPU
	EndGlobalSection
	GlobalSection(ProjectConfigurationPlatforms) = postSolution
		{CE3C7621-5106-465A-864C-B0312BFC76B3}.Debug|Any CPU.ActiveCfg = Debug|Any CPU
		{CE3C7621-5106-465A-864C-B0312BFC76B3}.Debug|Any CPU.Build.0 = Debug|Any CPU
		{CE3C7621-5106-465A-864C-B0312BFC76B3}.Release|Any CPU.ActiveCfg = Release|Any CPU
		{CE3C7621-5106-465A-864C-B0312BFC76B3}.Release|Any CPU.Build.0 = Release|Any CPU
		{A6F99E04-31F9-4304-A829-C283352F4AB4}.Debug|Any CPU.ActiveCfg = Debug|Any CPU
		{A6F99E04-31F9-4304-A829-C283352F4AB4}.Debug|Any CPU.Build.0 = Debug|Any CPU
		{A6F99E04-31F9-4304-A829-C283352F4AB4}.Release|Any CPU.ActiveCfg = Release|Any CPU
		{A6F99E04-31F9-4304-A829-C283352F4AB4}.Release|Any CPU.Build.0 = Release|Any CPU
		{2D8FB46F-A5EB-43CE-A510-D15072A0D500}.Debug|Any CPU.ActiveCfg = Debug|Any CPU
		{2D8FB46F-A5EB-43CE-A510-D15072A0D500}.Debug|Any CPU.Build.0 = Debug|Any CPU
		{2D8FB46F-A5EB-43CE-A510-D15072A0D500}.Release|Any CPU.ActiveCfg = Release|Any CPU
		{2D8FB46F-A5EB-43CE-A510-D15072A0D500}.Release|Any CPU.Build.0 = Release|Any CPU
		{665BC314-6CFF-4792-A07A-7351587A3E74}.Debug|Any CPU.ActiveCfg = Debug|Any CPU
		{665BC314-6CFF-4792-A07A-7351587A3E74}.Debug|Any CPU.Build.0 = Debug|Any CPU
		{665BC314-6CFF-4792-A07A-7351587A3E74}.Release|Any CPU.ActiveCfg = Release|Any CPU
		{665BC314-6CFF-4792-A07A-7351587A3E74}.Release|Any CPU.Build.0 = Release|Any CPU
		{6D90AFB1-8C96-4F2E-B5B4-D60CD51FF73A}.Debug|Any CPU.ActiveCfg = Debug|Any CPU
		{6D90AFB1-8C96-4F2E-B5B4-D60CD51FF73A}.Debug|Any CPU.Build.0 = Debug|Any CPU
		{6D90AFB1-8C96-4F2E-B5B4-D60CD51FF73A}.Release|Any CPU.ActiveCfg = Release|Any CPU
		{6D90AFB1-8C96-4F2E-B5B4-D60CD51FF73A}.Release|Any CPU.Build.0 = Release|Any CPU
		{67504392-4D6A-4BA3-B59F-3D8D72D93EAC}.Debug|Any CPU.ActiveCfg = Debug|Any CPU
		{67504392-4D6A-4BA3-B59F-3D8D72D93EAC}.Debug|Any CPU.Build.0 = Debug|Any CPU
		{67504392-4D6A-4BA3-B59F-3D8D72D93EAC}.Release|Any CPU.ActiveCfg = Release|Any CPU
		{67504392-4D6A-4BA3-B59F-3D8D72D93EAC}.Release|Any CPU.Build.0 = Release|Any CPU
		{F971C9D2-5948-4680-BA30-C5E31B1FF8D4}.Debug|Any CPU.ActiveCfg = Debug|Any CPU
		{F971C9D2-5948-4680-BA30-C5E31B1FF8D4}.Debug|Any CPU.Build.0 = Debug|Any CPU
		{F971C9D2-5948-4680-BA30-C5E31B1FF8D4}.Release|Any CPU.ActiveCfg = Release|Any CPU
		{F971C9D2-5948-4680-BA30-C5E31B1FF8D4}.Release|Any CPU.Build.0 = Release|Any CPU
		{A74F8D3F-191C-4EB4-ACAD-D72017AE32BB}.Debug|Any CPU.ActiveCfg = Debug|Any CPU
		{A74F8D3F-191C-4EB4-ACAD-D72017AE32BB}.Debug|Any CPU.Build.0 = Debug|Any CPU
		{A74F8D3F-191C-4EB4-ACAD-D72017AE32BB}.Release|Any CPU.ActiveCfg = Release|Any CPU
		{A74F8D3F-191C-4EB4-ACAD-D72017AE32BB}.Release|Any CPU.Build.0 = Release|Any CPU
		{F8F84631-2D62-4104-BDFD-F43C6A76C068}.Debug|Any CPU.ActiveCfg = Debug|Any CPU
		{F8F84631-2D62-4104-BDFD-F43C6A76C068}.Debug|Any CPU.Build.0 = Debug|Any CPU
		{F8F84631-2D62-4104-BDFD-F43C6A76C068}.Release|Any CPU.ActiveCfg = Release|Any CPU
		{F8F84631-2D62-4104-BDFD-F43C6A76C068}.Release|Any CPU.Build.0 = Release|Any CPU
		{A00430B8-EF92-4C82-97C1-48B8977B88A4}.Debug|Any CPU.ActiveCfg = Debug|Any CPU
		{A00430B8-EF92-4C82-97C1-48B8977B88A4}.Debug|Any CPU.Build.0 = Debug|Any CPU
		{A00430B8-EF92-4C82-97C1-48B8977B88A4}.Release|Any CPU.ActiveCfg = Release|Any CPU
		{A00430B8-EF92-4C82-97C1-48B8977B88A4}.Release|Any CPU.Build.0 = Release|Any CPU
		{1EEB0C0A-6790-401A-A501-411FF8235861}.Debug|Any CPU.ActiveCfg = Debug|Any CPU
		{1EEB0C0A-6790-401A-A501-411FF8235861}.Debug|Any CPU.Build.0 = Debug|Any CPU
		{1EEB0C0A-6790-401A-A501-411FF8235861}.Release|Any CPU.ActiveCfg = Release|Any CPU
		{1EEB0C0A-6790-401A-A501-411FF8235861}.Release|Any CPU.Build.0 = Release|Any CPU
		{0895A919-F5F8-4358-98B0-1BC7087D1906}.Debug|Any CPU.ActiveCfg = Debug|Any CPU
		{0895A919-F5F8-4358-98B0-1BC7087D1906}.Debug|Any CPU.Build.0 = Debug|Any CPU
		{0895A919-F5F8-4358-98B0-1BC7087D1906}.Release|Any CPU.ActiveCfg = Release|Any CPU
		{0895A919-F5F8-4358-98B0-1BC7087D1906}.Release|Any CPU.Build.0 = Release|Any CPU
		{72E6C560-2248-4209-9F10-315B93C4FDEA}.Debug|Any CPU.ActiveCfg = Debug|Any CPU
		{72E6C560-2248-4209-9F10-315B93C4FDEA}.Debug|Any CPU.Build.0 = Debug|Any CPU
		{72E6C560-2248-4209-9F10-315B93C4FDEA}.Release|Any CPU.ActiveCfg = Release|Any CPU
		{72E6C560-2248-4209-9F10-315B93C4FDEA}.Release|Any CPU.Build.0 = Release|Any CPU
		{D13E7FB7-2E71-4725-8B38-D0CA201A16AC}.Debug|Any CPU.ActiveCfg = Debug|Any CPU
		{D13E7FB7-2E71-4725-8B38-D0CA201A16AC}.Debug|Any CPU.Build.0 = Debug|Any CPU
		{D13E7FB7-2E71-4725-8B38-D0CA201A16AC}.Release|Any CPU.ActiveCfg = Release|Any CPU
		{D13E7FB7-2E71-4725-8B38-D0CA201A16AC}.Release|Any CPU.Build.0 = Release|Any CPU
		{00DB3574-0618-4137-AAA1-815248A1E837}.Debug|Any CPU.ActiveCfg = Debug|Any CPU
		{00DB3574-0618-4137-AAA1-815248A1E837}.Debug|Any CPU.Build.0 = Debug|Any CPU
		{00DB3574-0618-4137-AAA1-815248A1E837}.Release|Any CPU.ActiveCfg = Release|Any CPU
		{00DB3574-0618-4137-AAA1-815248A1E837}.Release|Any CPU.Build.0 = Release|Any CPU
		{083650D1-693D-4F4C-A699-9D8127D34D00}.Debug|Any CPU.ActiveCfg = Debug|Any CPU
		{083650D1-693D-4F4C-A699-9D8127D34D00}.Debug|Any CPU.Build.0 = Debug|Any CPU
		{083650D1-693D-4F4C-A699-9D8127D34D00}.Release|Any CPU.ActiveCfg = Release|Any CPU
		{083650D1-693D-4F4C-A699-9D8127D34D00}.Release|Any CPU.Build.0 = Release|Any CPU
		{EA46F702-8AEA-4EAC-A81C-B924D877DE26}.Debug|Any CPU.ActiveCfg = Debug|Any CPU
		{EA46F702-8AEA-4EAC-A81C-B924D877DE26}.Debug|Any CPU.Build.0 = Debug|Any CPU
		{EA46F702-8AEA-4EAC-A81C-B924D877DE26}.Release|Any CPU.ActiveCfg = Release|Any CPU
		{EA46F702-8AEA-4EAC-A81C-B924D877DE26}.Release|Any CPU.Build.0 = Release|Any CPU
		{75A1E0D5-E3DB-4C05-B656-6DC5C6A5B94A}.Debug|Any CPU.ActiveCfg = Debug|Any CPU
		{75A1E0D5-E3DB-4C05-B656-6DC5C6A5B94A}.Debug|Any CPU.Build.0 = Debug|Any CPU
		{75A1E0D5-E3DB-4C05-B656-6DC5C6A5B94A}.Release|Any CPU.ActiveCfg = Release|Any CPU
		{75A1E0D5-E3DB-4C05-B656-6DC5C6A5B94A}.Release|Any CPU.Build.0 = Release|Any CPU
		{D9C535E9-CE37-49CB-A04F-008AA2480DC4}.Debug|Any CPU.ActiveCfg = Debug|Any CPU
		{D9C535E9-CE37-49CB-A04F-008AA2480DC4}.Debug|Any CPU.Build.0 = Debug|Any CPU
		{D9C535E9-CE37-49CB-A04F-008AA2480DC4}.Release|Any CPU.ActiveCfg = Release|Any CPU
		{D9C535E9-CE37-49CB-A04F-008AA2480DC4}.Release|Any CPU.Build.0 = Release|Any CPU
		{719428F2-A1D5-44F5-A5FE-CED0B885F5DE}.Debug|Any CPU.ActiveCfg = Debug|Any CPU
		{719428F2-A1D5-44F5-A5FE-CED0B885F5DE}.Debug|Any CPU.Build.0 = Debug|Any CPU
		{719428F2-A1D5-44F5-A5FE-CED0B885F5DE}.Release|Any CPU.ActiveCfg = Release|Any CPU
		{719428F2-A1D5-44F5-A5FE-CED0B885F5DE}.Release|Any CPU.Build.0 = Release|Any CPU
		{B77BC359-4E76-4B87-BA4A-F5A4E3391AE7}.Debug|Any CPU.ActiveCfg = Debug|Any CPU
		{B77BC359-4E76-4B87-BA4A-F5A4E3391AE7}.Debug|Any CPU.Build.0 = Debug|Any CPU
		{B77BC359-4E76-4B87-BA4A-F5A4E3391AE7}.Release|Any CPU.ActiveCfg = Release|Any CPU
		{B77BC359-4E76-4B87-BA4A-F5A4E3391AE7}.Release|Any CPU.Build.0 = Release|Any CPU
		{3B99AA8E-5B75-4188-BC84-5BFBA5265A00}.Debug|Any CPU.ActiveCfg = Debug|Any CPU
		{3B99AA8E-5B75-4188-BC84-5BFBA5265A00}.Debug|Any CPU.Build.0 = Debug|Any CPU
		{3B99AA8E-5B75-4188-BC84-5BFBA5265A00}.Release|Any CPU.ActiveCfg = Release|Any CPU
		{3B99AA8E-5B75-4188-BC84-5BFBA5265A00}.Release|Any CPU.Build.0 = Release|Any CPU
		{5CD15B99-02B0-4BBD-9033-5DF46520F77D}.Debug|Any CPU.ActiveCfg = Debug|Any CPU
		{5CD15B99-02B0-4BBD-9033-5DF46520F77D}.Debug|Any CPU.Build.0 = Debug|Any CPU
		{5CD15B99-02B0-4BBD-9033-5DF46520F77D}.Release|Any CPU.ActiveCfg = Release|Any CPU
		{5CD15B99-02B0-4BBD-9033-5DF46520F77D}.Release|Any CPU.Build.0 = Release|Any CPU
		{7A247D52-A607-4810-B5DC-ACC3650CE5BF}.Debug|Any CPU.ActiveCfg = Debug|Any CPU
		{7A247D52-A607-4810-B5DC-ACC3650CE5BF}.Debug|Any CPU.Build.0 = Debug|Any CPU
		{7A247D52-A607-4810-B5DC-ACC3650CE5BF}.Release|Any CPU.ActiveCfg = Release|Any CPU
		{7A247D52-A607-4810-B5DC-ACC3650CE5BF}.Release|Any CPU.Build.0 = Release|Any CPU
		{29A232DC-A233-4C0E-98A5-6C5C0AE0265F}.Debug|Any CPU.ActiveCfg = Debug|Any CPU
		{29A232DC-A233-4C0E-98A5-6C5C0AE0265F}.Debug|Any CPU.Build.0 = Debug|Any CPU
		{29A232DC-A233-4C0E-98A5-6C5C0AE0265F}.Release|Any CPU.ActiveCfg = Release|Any CPU
		{29A232DC-A233-4C0E-98A5-6C5C0AE0265F}.Release|Any CPU.Build.0 = Release|Any CPU
		{29D5D4BA-6C91-4D84-B567-6E7C49200DD5}.Debug|Any CPU.ActiveCfg = Debug|Any CPU
		{29D5D4BA-6C91-4D84-B567-6E7C49200DD5}.Debug|Any CPU.Build.0 = Debug|Any CPU
		{29D5D4BA-6C91-4D84-B567-6E7C49200DD5}.Release|Any CPU.ActiveCfg = Release|Any CPU
		{29D5D4BA-6C91-4D84-B567-6E7C49200DD5}.Release|Any CPU.Build.0 = Release|Any CPU
		{A955719A-1C0A-4CE4-80C4-C09CD404380F}.Debug|Any CPU.ActiveCfg = Debug|Any CPU
		{A955719A-1C0A-4CE4-80C4-C09CD404380F}.Debug|Any CPU.Build.0 = Debug|Any CPU
		{A955719A-1C0A-4CE4-80C4-C09CD404380F}.Release|Any CPU.ActiveCfg = Release|Any CPU
		{A955719A-1C0A-4CE4-80C4-C09CD404380F}.Release|Any CPU.Build.0 = Release|Any CPU
		{B5692AC0-AA11-4062-8F65-8A120C8846FA}.Debug|Any CPU.ActiveCfg = Debug|Any CPU
		{B5692AC0-AA11-4062-8F65-8A120C8846FA}.Debug|Any CPU.Build.0 = Debug|Any CPU
		{B5692AC0-AA11-4062-8F65-8A120C8846FA}.Release|Any CPU.ActiveCfg = Release|Any CPU
		{B5692AC0-AA11-4062-8F65-8A120C8846FA}.Release|Any CPU.Build.0 = Release|Any CPU
		{CA874402-DD93-40C0-893A-BC8D1D961A43}.Debug|Any CPU.ActiveCfg = Debug|Any CPU
		{CA874402-DD93-40C0-893A-BC8D1D961A43}.Debug|Any CPU.Build.0 = Debug|Any CPU
		{CA874402-DD93-40C0-893A-BC8D1D961A43}.Release|Any CPU.ActiveCfg = Release|Any CPU
		{CA874402-DD93-40C0-893A-BC8D1D961A43}.Release|Any CPU.Build.0 = Release|Any CPU
		{E2C09B9E-FCE1-4C61-A547-16ADFA76B7F6}.Debug|Any CPU.ActiveCfg = Debug|Any CPU
		{E2C09B9E-FCE1-4C61-A547-16ADFA76B7F6}.Debug|Any CPU.Build.0 = Debug|Any CPU
		{E2C09B9E-FCE1-4C61-A547-16ADFA76B7F6}.Release|Any CPU.ActiveCfg = Release|Any CPU
		{E2C09B9E-FCE1-4C61-A547-16ADFA76B7F6}.Release|Any CPU.Build.0 = Release|Any CPU
		{22DD3CC9-034B-4C43-A143-6240E8E833CC}.Debug|Any CPU.ActiveCfg = Debug|Any CPU
		{22DD3CC9-034B-4C43-A143-6240E8E833CC}.Debug|Any CPU.Build.0 = Debug|Any CPU
		{22DD3CC9-034B-4C43-A143-6240E8E833CC}.Release|Any CPU.ActiveCfg = Release|Any CPU
		{22DD3CC9-034B-4C43-A143-6240E8E833CC}.Release|Any CPU.Build.0 = Release|Any CPU
		{8C225A69-794C-4451-B5CE-91EAD5269C87}.Debug|Any CPU.ActiveCfg = Debug|Any CPU
		{8C225A69-794C-4451-B5CE-91EAD5269C87}.Debug|Any CPU.Build.0 = Debug|Any CPU
		{8C225A69-794C-4451-B5CE-91EAD5269C87}.Release|Any CPU.ActiveCfg = Release|Any CPU
		{8C225A69-794C-4451-B5CE-91EAD5269C87}.Release|Any CPU.Build.0 = Release|Any CPU
		{144B4A51-9F3E-45BD-B0A3-0732A946D2F4}.Debug|Any CPU.ActiveCfg = Debug|Any CPU
		{144B4A51-9F3E-45BD-B0A3-0732A946D2F4}.Debug|Any CPU.Build.0 = Debug|Any CPU
		{144B4A51-9F3E-45BD-B0A3-0732A946D2F4}.Release|Any CPU.ActiveCfg = Release|Any CPU
		{144B4A51-9F3E-45BD-B0A3-0732A946D2F4}.Release|Any CPU.Build.0 = Release|Any CPU
	EndGlobalSection
	GlobalSection(SolutionProperties) = preSolution
		HideSolutionNode = FALSE
	EndGlobalSection
	GlobalSection(NestedProjects) = preSolution
		{CE3C7621-5106-465A-864C-B0312BFC76B3} = {B158078F-D217-46FE-A9B8-7BD1B99922BA}
		{A6F99E04-31F9-4304-A829-C283352F4AB4} = {68BD9B3D-78AB-4399-ACC9-CBD11CAB523F}
		{2D8FB46F-A5EB-43CE-A510-D15072A0D500} = {B158078F-D217-46FE-A9B8-7BD1B99922BA}
		{665BC314-6CFF-4792-A07A-7351587A3E74} = {B158078F-D217-46FE-A9B8-7BD1B99922BA}
		{6D90AFB1-8C96-4F2E-B5B4-D60CD51FF73A} = {92FD0A48-0AE7-44A6-86BC-C4E47E014C17}
		{67504392-4D6A-4BA3-B59F-3D8D72D93EAC} = {1BF8C809-6F14-4C52-B172-D43A96295884}
		{F971C9D2-5948-4680-BA30-C5E31B1FF8D4} = {041CEC9C-1271-4A4E-BEF6-6279A8B0FC97}
		{A74F8D3F-191C-4EB4-ACAD-D72017AE32BB} = {92FD0A48-0AE7-44A6-86BC-C4E47E014C17}
		{F8F84631-2D62-4104-BDFD-F43C6A76C068} = {92FD0A48-0AE7-44A6-86BC-C4E47E014C17}
		{A00430B8-EF92-4C82-97C1-48B8977B88A4} = {4FA056CC-58A0-4CFE-9134-F645B6B7E0D7}
		{1EEB0C0A-6790-401A-A501-411FF8235861} = {68BD9B3D-78AB-4399-ACC9-CBD11CAB523F}
		{0895A919-F5F8-4358-98B0-1BC7087D1906} = {68BD9B3D-78AB-4399-ACC9-CBD11CAB523F}
		{72E6C560-2248-4209-9F10-315B93C4FDEA} = {68BD9B3D-78AB-4399-ACC9-CBD11CAB523F}
		{D13E7FB7-2E71-4725-8B38-D0CA201A16AC} = {92FD0A48-0AE7-44A6-86BC-C4E47E014C17}
		{00DB3574-0618-4137-AAA1-815248A1E837} = {4FA056CC-58A0-4CFE-9134-F645B6B7E0D7}
		{083650D1-693D-4F4C-A699-9D8127D34D00} = {4FA056CC-58A0-4CFE-9134-F645B6B7E0D7}
		{B158078F-D217-46FE-A9B8-7BD1B99922BA} = {004EC5B0-7D4E-4382-A139-A9BD049D99C4}
		{68BD9B3D-78AB-4399-ACC9-CBD11CAB523F} = {004EC5B0-7D4E-4382-A139-A9BD049D99C4}
		{041CEC9C-1271-4A4E-BEF6-6279A8B0FC97} = {004EC5B0-7D4E-4382-A139-A9BD049D99C4}
		{4FA056CC-58A0-4CFE-9134-F645B6B7E0D7} = {004EC5B0-7D4E-4382-A139-A9BD049D99C4}
		{EA46F702-8AEA-4EAC-A81C-B924D877DE26} = {041CEC9C-1271-4A4E-BEF6-6279A8B0FC97}
		{75A1E0D5-E3DB-4C05-B656-6DC5C6A5B94A} = {041CEC9C-1271-4A4E-BEF6-6279A8B0FC97}
		{D9C535E9-CE37-49CB-A04F-008AA2480DC4} = {4FA056CC-58A0-4CFE-9134-F645B6B7E0D7}
		{719428F2-A1D5-44F5-A5FE-CED0B885F5DE} = {B158078F-D217-46FE-A9B8-7BD1B99922BA}
		{B77BC359-4E76-4B87-BA4A-F5A4E3391AE7} = {68BD9B3D-78AB-4399-ACC9-CBD11CAB523F}
		{3B99AA8E-5B75-4188-BC84-5BFBA5265A00} = {4FA056CC-58A0-4CFE-9134-F645B6B7E0D7}
		{5CD15B99-02B0-4BBD-9033-5DF46520F77D} = {B158078F-D217-46FE-A9B8-7BD1B99922BA}
		{5E4F5BAB-DAA5-47B0-862A-B6E4173F146C} = {004EC5B0-7D4E-4382-A139-A9BD049D99C4}
		{7A247D52-A607-4810-B5DC-ACC3650CE5BF} = {5E4F5BAB-DAA5-47B0-862A-B6E4173F146C}
		{29A232DC-A233-4C0E-98A5-6C5C0AE0265F} = {4FA056CC-58A0-4CFE-9134-F645B6B7E0D7}
		{29D5D4BA-6C91-4D84-B567-6E7C49200DD5} = {B158078F-D217-46FE-A9B8-7BD1B99922BA}
		{A955719A-1C0A-4CE4-80C4-C09CD404380F} = {68BD9B3D-78AB-4399-ACC9-CBD11CAB523F}
		{8ED7CFDF-3C22-4980-AC18-940049B0ED10} = {C48E4C85-6A13-46D5-9DA2-4AAC739D12FF}
		{876B0BB0-CDD0-420D-87AE-D9390623C467} = {8ED7CFDF-3C22-4980-AC18-940049B0ED10}
		{A250C7A8-DD5B-4947-A21C-A73C21424FFF} = {8ED7CFDF-3C22-4980-AC18-940049B0ED10}
		{7701E410-A9F0-4F50-80E4-51576DABB306} = {004EC5B0-7D4E-4382-A139-A9BD049D99C4}
		{B5692AC0-AA11-4062-8F65-8A120C8846FA} = {7701E410-A9F0-4F50-80E4-51576DABB306}
		{CA874402-DD93-40C0-893A-BC8D1D961A43} = {92FD0A48-0AE7-44A6-86BC-C4E47E014C17}
		{E2C09B9E-FCE1-4C61-A547-16ADFA76B7F6} = {B158078F-D217-46FE-A9B8-7BD1B99922BA}
		{22DD3CC9-034B-4C43-A143-6240E8E833CC} = {B158078F-D217-46FE-A9B8-7BD1B99922BA}
		{8C225A69-794C-4451-B5CE-91EAD5269C87} = {B158078F-D217-46FE-A9B8-7BD1B99922BA}
		{144B4A51-9F3E-45BD-B0A3-0732A946D2F4} = {92FD0A48-0AE7-44A6-86BC-C4E47E014C17}
	EndGlobalSection
	GlobalSection(ExtensibilityGlobals) = postSolution
		SolutionGuid = {323415F4-D394-4EAA-B259-7C6834BFD819}
	EndGlobalSection
EndGlobal
