
Microsoft Visual Studio Solution File, Format Version 12.00
# Visual Studio Version 16
VisualStudioVersion = 16.0.29905.134
MinimumVisualStudioVersion = 10.0.40219.1
Project("{2150E333-8FDC-42A3-9474-1A3956D46DE8}") = "chapter-01", "chapter-01", "{7DDFBAAB-6911-4167-99DE-47E07096034E}"
EndProject
Project("{9A19103F-16F7-4668-BE54-9A1E7A4F7556}") = "MyAdapter", "chapter-01\MyAdapter.csproj", "{E58FF7F4-CB6E-4F95-833D-BED68C63DE19}"
EndProject
Project("{2150E333-8FDC-42A3-9474-1A3956D46DE8}") = "chapter-02", "chapter-02", "{4DD1E42B-0A38-42A0-AF01-851BD759A3D6}"
EndProject
Project("{9A19103F-16F7-4668-BE54-9A1E7A4F7556}") = "MyAdapter", "chapter-02\MyAdapter.csproj", "{0FBA178D-3BF3-4E31-8E07-D64DA7568B3E}"
EndProject
Project("{2150E333-8FDC-42A3-9474-1A3956D46DE8}") = "chapter-03", "chapter-03", "{1FFCECE3-BC7F-4152-8A96-CFE309C6F8DB}"
EndProject
Project("{9A19103F-16F7-4668-BE54-9A1E7A4F7556}") = "MyAdapter", "chapter-03\MyAdapter.csproj", "{3F9AC563-B21C-4FD6-829A-63EFC02F99F1}"
EndProject
Project("{2150E333-8FDC-42A3-9474-1A3956D46DE8}") = "chapter-04", "chapter-04", "{C1792DDE-A8C9-45B7-BFA2-AB0446D7B36C}"
EndProject
Project("{9A19103F-16F7-4668-BE54-9A1E7A4F7556}") = "MyAdapter", "chapter-04\MyAdapter.csproj", "{3DFC1E41-BA8F-4AA0-AB7C-E953FDB222FD}"
EndProject
Project("{2150E333-8FDC-42A3-9474-1A3956D46DE8}") = "chapter-05", "chapter-05", "{56E309AD-7DE4-402D-B314-0CFDE0530A71}"
EndProject
Project("{9A19103F-16F7-4668-BE54-9A1E7A4F7556}") = "MyAdapter", "chapter-05\MyAdapter.csproj", "{188ACB60-7516-4323-A566-D5B11F431AF8}"
EndProject
Project("{2150E333-8FDC-42A3-9474-1A3956D46DE8}") = "chapter-06", "chapter-06", "{965F8476-33C1-4D02-A0D4-C35FFE4AE668}"
EndProject
Project("{9A19103F-16F7-4668-BE54-9A1E7A4F7556}") = "MyAdapter", "chapter-06\MyAdapter.csproj", "{AD78BC8A-1F9E-4AA0-B819-C0CCAEFE4604}"
EndProject
Project("{2150E333-8FDC-42A3-9474-1A3956D46DE8}") = "common", "common", "{C9223DB6-08E4-42C8-91C8-45243042170E}"
	ProjectSection(SolutionItems) = preProject
		Directory.Build.props = Directory.Build.props
	EndProjectSection
EndProject
Global
	GlobalSection(SolutionConfigurationPlatforms) = preSolution
		Debug|Any CPU = Debug|Any CPU
		Release|Any CPU = Release|Any CPU
	EndGlobalSection
	GlobalSection(ProjectConfigurationPlatforms) = postSolution
		{E58FF7F4-CB6E-4F95-833D-BED68C63DE19}.Debug|Any CPU.ActiveCfg = Debug|Any CPU
		{E58FF7F4-CB6E-4F95-833D-BED68C63DE19}.Debug|Any CPU.Build.0 = Debug|Any CPU
		{E58FF7F4-CB6E-4F95-833D-BED68C63DE19}.Release|Any CPU.ActiveCfg = Release|Any CPU
		{E58FF7F4-CB6E-4F95-833D-BED68C63DE19}.Release|Any CPU.Build.0 = Release|Any CPU
		{0FBA178D-3BF3-4E31-8E07-D64DA7568B3E}.Debug|Any CPU.ActiveCfg = Debug|Any CPU
		{0FBA178D-3BF3-4E31-8E07-D64DA7568B3E}.Debug|Any CPU.Build.0 = Debug|Any CPU
		{0FBA178D-3BF3-4E31-8E07-D64DA7568B3E}.Release|Any CPU.ActiveCfg = Release|Any CPU
		{0FBA178D-3BF3-4E31-8E07-D64DA7568B3E}.Release|Any CPU.Build.0 = Release|Any CPU
		{3F9AC563-B21C-4FD6-829A-63EFC02F99F1}.Debug|Any CPU.ActiveCfg = Debug|Any CPU
		{3F9AC563-B21C-4FD6-829A-63EFC02F99F1}.Debug|Any CPU.Build.0 = Debug|Any CPU
		{3F9AC563-B21C-4FD6-829A-63EFC02F99F1}.Release|Any CPU.ActiveCfg = Release|Any CPU
		{3F9AC563-B21C-4FD6-829A-63EFC02F99F1}.Release|Any CPU.Build.0 = Release|Any CPU
		{3DFC1E41-BA8F-4AA0-AB7C-E953FDB222FD}.Debug|Any CPU.ActiveCfg = Debug|Any CPU
		{3DFC1E41-BA8F-4AA0-AB7C-E953FDB222FD}.Debug|Any CPU.Build.0 = Debug|Any CPU
		{3DFC1E41-BA8F-4AA0-AB7C-E953FDB222FD}.Release|Any CPU.ActiveCfg = Release|Any CPU
		{3DFC1E41-BA8F-4AA0-AB7C-E953FDB222FD}.Release|Any CPU.Build.0 = Release|Any CPU
		{188ACB60-7516-4323-A566-D5B11F431AF8}.Debug|Any CPU.ActiveCfg = Debug|Any CPU
		{188ACB60-7516-4323-A566-D5B11F431AF8}.Debug|Any CPU.Build.0 = Debug|Any CPU
		{188ACB60-7516-4323-A566-D5B11F431AF8}.Release|Any CPU.ActiveCfg = Release|Any CPU
		{188ACB60-7516-4323-A566-D5B11F431AF8}.Release|Any CPU.Build.0 = Release|Any CPU
		{AD78BC8A-1F9E-4AA0-B819-C0CCAEFE4604}.Debug|Any CPU.ActiveCfg = Debug|Any CPU
		{AD78BC8A-1F9E-4AA0-B819-C0CCAEFE4604}.Debug|Any CPU.Build.0 = Debug|Any CPU
		{AD78BC8A-1F9E-4AA0-B819-C0CCAEFE4604}.Release|Any CPU.ActiveCfg = Release|Any CPU
		{AD78BC8A-1F9E-4AA0-B819-C0CCAEFE4604}.Release|Any CPU.Build.0 = Release|Any CPU
	EndGlobalSection
	GlobalSection(SolutionProperties) = preSolution
		HideSolutionNode = FALSE
	EndGlobalSection
	GlobalSection(NestedProjects) = preSolution
		{E58FF7F4-CB6E-4F95-833D-BED68C63DE19} = {7DDFBAAB-6911-4167-99DE-47E07096034E}
		{0FBA178D-3BF3-4E31-8E07-D64DA7568B3E} = {4DD1E42B-0A38-42A0-AF01-851BD759A3D6}
		{3F9AC563-B21C-4FD6-829A-63EFC02F99F1} = {1FFCECE3-BC7F-4152-8A96-CFE309C6F8DB}
		{3DFC1E41-BA8F-4AA0-AB7C-E953FDB222FD} = {C1792DDE-A8C9-45B7-BFA2-AB0446D7B36C}
		{188ACB60-7516-4323-A566-D5B11F431AF8} = {56E309AD-7DE4-402D-B314-0CFDE0530A71}
		{AD78BC8A-1F9E-4AA0-B819-C0CCAEFE4604} = {965F8476-33C1-4D02-A0D4-C35FFE4AE668}
	EndGlobalSection
	GlobalSection(ExtensibilityGlobals) = postSolution
		SolutionGuid = {EFB35B2E-68A6-476E-9877-CB2B310AE1E9}
	EndGlobalSection
EndGlobal
